
Microsoft Visual Studio Solution File, Format Version 12.00
# Visual Studio Version 17
VisualStudioVersion = 17.9.34526.213
MinimumVisualStudioVersion = 10.0.40219.1
Project("{9A19103F-16F7-4668-BE54-9A1E7A4F7556}") = "TeslaCharge", "TeslaCharge\TeslaCharge.csproj", "{D5A979A4-151B-4B54-B293-21BDDF6B3D05}"
EndProject
Global
	GlobalSection(SolutionConfigurationPlatforms) = preSolution
		Debug|Any CPU = Debug|Any CPU
		Release|Any CPU = Release|Any CPU
	EndGlobalSection
	GlobalSection(ProjectConfigurationPlatforms) = postSolution
		{D5A979A4-151B-4B54-B293-21BDDF6B3D05}.Debug|Any CPU.ActiveCfg = Debug|Any CPU
		{D5A979A4-151B-4B54-B293-21BDDF6B3D05}.Debug|Any CPU.Build.0 = Debug|Any CPU
		{D5A979A4-151B-4B54-B293-21BDDF6B3D05}.Release|Any CPU.ActiveCfg = Release|Any CPU
		{D5A979A4-151B-4B54-B293-21BDDF6B3D05}.Release|Any CPU.Build.0 = Release|Any CPU
	EndGlobalSection
	GlobalSection(SolutionProperties) = preSolution
		HideSolutionNode = FALSE
	EndGlobalSection
	GlobalSection(ExtensibilityGlobals) = postSolution
		SolutionGuid = {43412907-D6E3-4B9A-892D-641A6A923637}
	EndGlobalSection
EndGlobal
