
Microsoft Visual Studio Solution File, Format Version 12.00
# Visual Studio Version 17
VisualStudioVersion = 17.12.35410.144
MinimumVisualStudioVersion = 10.0.40219.1
Project("{FAE04EC0-301F-11D3-BF4B-00C04F79EFBC}") = "SolarCharger", "SolarCharger\SolarCharger.csproj", "{C56C2534-40EA-46E4-B260-895046000E2C}"
EndProject
Project("{FAE04EC0-301F-11D3-BF4B-00C04F79EFBC}") = "SolarChargerFE", "SolarChargerFE\SolarChargerFE.csproj", "{1FE4A372-6694-4018-983F-D4A5E8604841}"
EndProject
Project("{FAE04EC0-301F-11D3-BF4B-00C04F79EFBC}") = "UnitTestSolarCharger", "UnitTestSolarCharger\UnitTestSolarCharger.csproj", "{01D08047-2337-4E34-AC97-4B685656C3C9}"
EndProject
Global
	GlobalSection(SolutionConfigurationPlatforms) = preSolution
		Debug|Any CPU = Debug|Any CPU
		Release|Any CPU = Release|Any CPU
	EndGlobalSection
	GlobalSection(ProjectConfigurationPlatforms) = postSolution
		{C56C2534-40EA-46E4-B260-895046000E2C}.Debug|Any CPU.ActiveCfg = Debug|Any CPU
		{C56C2534-40EA-46E4-B260-895046000E2C}.Debug|Any CPU.Build.0 = Debug|Any CPU
		{C56C2534-40EA-46E4-B260-895046000E2C}.Release|Any CPU.ActiveCfg = Release|Any CPU
		{C56C2534-40EA-46E4-B260-895046000E2C}.Release|Any CPU.Build.0 = Release|Any CPU
		{1FE4A372-6694-4018-983F-D4A5E8604841}.Debug|Any CPU.ActiveCfg = Debug|Any CPU
		{1FE4A372-6694-4018-983F-D4A5E8604841}.Debug|Any CPU.Build.0 = Debug|Any CPU
		{1FE4A372-6694-4018-983F-D4A5E8604841}.Release|Any CPU.ActiveCfg = Release|Any CPU
		{1FE4A372-6694-4018-983F-D4A5E8604841}.Release|Any CPU.Build.0 = Release|Any CPU
		{01D08047-2337-4E34-AC97-4B685656C3C9}.Debug|Any CPU.ActiveCfg = Debug|Any CPU
		{01D08047-2337-4E34-AC97-4B685656C3C9}.Debug|Any CPU.Build.0 = Debug|Any CPU
		{01D08047-2337-4E34-AC97-4B685656C3C9}.Release|Any CPU.ActiveCfg = Release|Any CPU
		{01D08047-2337-4E34-AC97-4B685656C3C9}.Release|Any CPU.Build.0 = Release|Any CPU
	EndGlobalSection
	GlobalSection(SolutionProperties) = preSolution
		HideSolutionNode = FALSE
	EndGlobalSection
EndGlobal
